
Microsoft Visual Studio Solution File, Format Version 12.00
# Visual Studio Version 17
VisualStudioVersion = 17.6.33723.286
MinimumVisualStudioVersion = 10.0.40219.1
Project("{FAE04EC0-301F-11D3-BF4B-00C04F79EFBC}") = "ASP.NETCoreWebAPICRUDWithEntityFramework", "ASP.NETCoreWebAPICRUDWithEntityFramework\ASP.NETCoreWebAPICRUDWithEntityFramework.csproj", "{9E4035A2-57EC-489C-9CCB-56499042CFD4}"
EndProject
Global
	GlobalSection(SolutionConfigurationPlatforms) = preSolution
		Debug|Any CPU = Debug|Any CPU
		Release|Any CPU = Release|Any CPU
	EndGlobalSection
	GlobalSection(ProjectConfigurationPlatforms) = postSolution
		{9E4035A2-57EC-489C-9CCB-56499042CFD4}.Debug|Any CPU.ActiveCfg = Debug|Any CPU
		{9E4035A2-57EC-489C-9CCB-56499042CFD4}.Debug|Any CPU.Build.0 = Debug|Any CPU
		{9E4035A2-57EC-489C-9CCB-56499042CFD4}.Release|Any CPU.ActiveCfg = Release|Any CPU
		{9E4035A2-57EC-489C-9CCB-56499042CFD4}.Release|Any CPU.Build.0 = Release|Any CPU
	EndGlobalSection
	GlobalSection(SolutionProperties) = preSolution
		HideSolutionNode = FALSE
	EndGlobalSection
	GlobalSection(ExtensibilityGlobals) = postSolution
		SolutionGuid = {24280DFA-E9FD-4C26-B93B-1765F260A95D}
	EndGlobalSection
EndGlobal
